{
    "_meta": {
        "hash": {
            "sha256": "b6ab045e775c08ccc08f330bed93e374f6b066b8da790e87bc2fe8cad3f3f41a"
        },
        "pipfile-spec": 6,
        "requires": {
            "python_version": "3.7"
        },
        "sources": [
            {
                "name": "pypi",
                "url": "https://pypi.org/simple",
                "verify_ssl": true
            }
        ]
    },
    "default": {
        "django": {
            "hashes": [
                "sha256:7c3543e4fb070d14e10926189a7fcf42ba919263b7473dceaefce34d54e8a119",
                "sha256:a2814bffd1f007805b19194eb0b9a331933b82bd5da1c3ba3d7b7ba16e06dc4b"
            ],
            "index": "pypi",
            "version": "==2.2"
        },
        "django-filter": {
            "hashes": [
                "sha256:3dafb7d2810790498895c22a1f31b2375795910680ac9c1432821cbedb1e176d",
                "sha256:a3014de317bef0cd43075a0f08dfa1d319a7ccc5733c3901fb860da70b0dda68"
            ],
            "index": "pypi",
            "version": "==2.1.0"
        },
        "djangorestframework": {
            "hashes": [
                "sha256:8a435df9007c8b7d8e69a21ef06650e3c0cbe0d4b09e55dd1bd74c89a75a9fcd",
                "sha256:f7a266260d656e1cf4ca54d7a7349609dc8af4fe2590edd0ecd7d7643ea94a17"
            ],
            "index": "pypi",
            "version": "==3.9.2"
        },
        "gunicorn": {
            "hashes": [
                "sha256:aa8e0b40b4157b36a5df5e599f45c9c76d6af43845ba3b3b0efe2c70473c2471",
                "sha256:fa2662097c66f920f53f70621c6c58ca4a3c4d3434205e608e121b5b3b71f4f3"
            ],
            "index": "pypi",
            "version": "==19.9.0"
        },
        "markdown": {
            "hashes": [
                "sha256:fc4a6f69a656b8d858d7503bda633f4dd63c2d70cf80abdc6eafa64c4ae8c250",
                "sha256:fe463ff51e679377e3624984c829022e2cfb3be5518726b06f608a07a3aad680"
            ],
            "index": "pypi",
            "version": "==3.1"
        },
        "psycopg2": {
            "hashes": [
                "sha256:00cfecb3f3db6eb76dcc763e71777da56d12b6d61db6a2c6ccbbb0bff5421f8f",
                "sha256:076501fc24ae13b2609ba2303d88d4db79072562f0b8cc87ec1667dedff99dc1",
                "sha256:4e2b34e4c0ddfeddf770d7df93e269700b080a4d2ec514fec668d71895f56782",
                "sha256:5cacf21b6f813c239f100ef78a4132056f93a5940219ec25d2ef833cbeb05588",
                "sha256:61f58e9ecb9e4dc7e30be56b562f8fc10ae3addcfcef51b588eed10a5a66100d",
                "sha256:8954ff6e47247bdd134db602fcadfc21662835bd92ce0760f3842eacfeb6e0f3",
                "sha256:b6e8c854cdc623028e558a409b06ea2f16d13438335941c7765d0a42b5bedd33",
                "sha256:baca21c0f7344576346e260454d0007313ccca8c170684707a63946b27a56c8f",
                "sha256:bb1735378770fb95dbe392d29e71405d45c8bdcfa064f916504833a92ab03c55",
                "sha256:de3d3c46c1ee18f996db42d1eb44cf1565cc9e38fb1dbd9b773ff6b3fa8035d7",
                "sha256:dee885602bb200bdcb1d30f6da6c7bb207360bc786d0a364fe1540dd14af0bab"
            ],
            "index": "pypi",
            "version": "==2.8.2"
        },
        "pytz": {
            "hashes": [
                "sha256:303879e36b721603cc54604edcac9d20401bdbe31e1e4fdee5b9f98d5d31dfda",
                "sha256:d747dd3d23d77ef44c6a3526e274af6efeb0a6f1afd5a69ba4d5be4098c8e141"
            ],
            "version": "==2019.1"
        },
        "pyyaml": {
            "hashes": [
                "sha256:1adecc22f88d38052fb787d959f003811ca858b799590a5eaa70e63dca50308c",
                "sha256:436bc774ecf7c103814098159fbb84c2715d25980175292c648f2da143909f95",
                "sha256:460a5a4248763f6f37ea225d19d5c205677d8d525f6a83357ca622ed541830c2",
                "sha256:5a22a9c84653debfbf198d02fe592c176ea548cccce47553f35f466e15cf2fd4",
                "sha256:7a5d3f26b89d688db27822343dfa25c599627bc92093e788956372285c6298ad",
                "sha256:9372b04a02080752d9e6f990179a4ab840227c6e2ce15b95e1278456664cf2ba",
                "sha256:a5dcbebee834eaddf3fa7366316b880ff4062e4bcc9787b78c7fbb4a26ff2dd1",
                "sha256:aee5bab92a176e7cd034e57f46e9df9a9862a71f8f37cad167c6fc74c65f5b4e",
                "sha256:c51f642898c0bacd335fc119da60baae0824f2cde95b0330b56c0553439f0673",
                "sha256:c68ea4d3ba1705da1e0d85da6684ac657912679a649e8868bd850d2c299cce13",
                "sha256:e23d0cc5299223dcc37885dae624f382297717e459ea24053709675a976a3e19"
            ],
            "index": "pypi",
            "version": "==5.1"
        },
        "sqlparse": {
            "hashes": [
                "sha256:40afe6b8d4b1117e7dff5504d7a8ce07d9a1b15aeeade8a2d10f130a834f8177",
                "sha256:7c3dca29c022744e95b547e867cee89f4fce4373f3549ccd8797d8eb52cdb873"
            ],
            "version": "==0.3.0"
        }
    },
    "develop": {}
}
